// !$*UTF8*$!
{
	archiveVersion = 1;
	classes = {
	};
	objectVersion = 55;
	objects = {

/* Begin PBXBuildFile section */
		042680892809F39A00C8AD37 /* Localizable.strings in Resources */ = {isa = PBXBuildFile; fileRef = 0426808B2809F39A00C8AD37 /* Localizable.strings */; };
		042CBF9827CBC36800D56FFB /* GoProBLEApp.swift in Sources */ = {isa = PBXBuildFile; fileRef = 042CBF9727CBC36800D56FFB /* GoProBLEApp.swift */; };
		042CBF9A27CBC36800D56FFB /* BLEScanningView.swift in Sources */ = {isa = PBXBuildFile; fileRef = 042CBF9927CBC36800D56FFB /* BLEScanningView.swift */; };
		042CBF9F27CBC36900D56FFB /* Preview Assets.xcassets in Resources */ = {isa = PBXBuildFile; fileRef = 042CBF9E27CBC36900D56FFB /* Preview Assets.xcassets */; };
		042CBFA927CBC36A00D56FFB /* GoProBLETests.swift in Sources */ = {isa = PBXBuildFile; fileRef = 042CBFA827CBC36A00D56FFB /* GoProBLETests.swift */; };
		042CBFB327CBC36A00D56FFB /* GoProBLEUITests.swift in Sources */ = {isa = PBXBuildFile; fileRef = 042CBFB227CBC36A00D56FFB /* GoProBLEUITests.swift */; };
		042CBFB527CBC36A00D56FFB /* GoProBLEUITestsLaunchTests.swift in Sources */ = {isa = PBXBuildFile; fileRef = 042CBFB427CBC36A00D56FFB /* GoProBLEUITestsLaunchTests.swift */; };
		042CBFC227CBC41500D56FFB /* BLEConnection.swift in Sources */ = {isa = PBXBuildFile; fileRef = 042CBFC127CBC41500D56FFB /* BLEConnection.swift */; };
		04411C6627CE233600E2AC19 /* GoProCharacteristics.swift in Sources */ = {isa = PBXBuildFile; fileRef = 04411C6527CE233600E2AC19 /* GoProCharacteristics.swift */; };
		04411C6827CE266C00E2AC19 /* GoProServices.swift in Sources */ = {isa = PBXBuildFile; fileRef = 04411C6727CE266C00E2AC19 /* GoProServices.swift */; };
		04411C6A27CE285900E2AC19 /* GoPro.swift in Sources */ = {isa = PBXBuildFile; fileRef = 04411C6927CE285900E2AC19 /* GoPro.swift */; };
		04411C6C27CE3B2800E2AC19 /* GoProCommand.swift in Sources */ = {isa = PBXBuildFile; fileRef = 04411C6B27CE3B2800E2AC19 /* GoProCommand.swift */; };
		04542213280AF8E3003B5ABB /* Readme.md in Resources */ = {isa = PBXBuildFile; fileRef = 04542212280AF8E3003B5ABB /* Readme.md */; };
		04684E8C27DE20F30048F1D0 /* GoProDataParser.swift in Sources */ = {isa = PBXBuildFile; fileRef = 04684E8B27DE20F30048F1D0 /* GoProDataParser.swift */; };
		04684E8E27DE21580048F1D0 /* GoProEnums.swift in Sources */ = {isa = PBXBuildFile; fileRef = 04684E8D27DE21580048F1D0 /* GoProEnums.swift */; };
		04684E9027DE28E80048F1D0 /* DataExtension.swift in Sources */ = {isa = PBXBuildFile; fileRef = 04684E8F27DE28E80048F1D0 /* DataExtension.swift */; };
		047FDC70280924440049A502 /* AuthenticationView.swift in Sources */ = {isa = PBXBuildFile; fileRef = 047FDC6F280924440049A502 /* AuthenticationView.swift */; };
		047FDC71280926410049A502 /* Auth0.plist in Resources */ = {isa = PBXBuildFile; fileRef = 047FDC6E280923AA0049A502 /* Auth0.plist */; };
		047FDC72280926420049A502 /* Auth0.plist in Resources */ = {isa = PBXBuildFile; fileRef = 047FDC6E280923AA0049A502 /* Auth0.plist */; };
		047FDC73280926450049A502 /* Auth0.plist in Resources */ = {isa = PBXBuildFile; fileRef = 047FDC6E280923AA0049A502 /* Auth0.plist */; };
		047FDC762809784E0049A502 /* UserModel.xcdatamodeld in Sources */ = {isa = PBXBuildFile; fileRef = 047FDC742809784E0049A502 /* UserModel.xcdatamodeld */; };
		047FDC78280978F40049A502 /* AuthenticationViewModel.swift in Sources */ = {isa = PBXBuildFile; fileRef = 047FDC77280978F40049A502 /* AuthenticationViewModel.swift */; };
		04C98BA127D12F120030403F /* PeripheralModel.swift in Sources */ = {isa = PBXBuildFile; fileRef = 04C98BA027D12F120030403F /* PeripheralModel.swift */; };
		04CB39532806EDC600949CCC /* Assets.xcassets in Resources */ = {isa = PBXBuildFile; fileRef = 04CB39522806EDC600949CCC /* Assets.xcassets */; };
		04CB5AAB27DA4B6900760843 /* ShutterButton.swift in Sources */ = {isa = PBXBuildFile; fileRef = 04CB5AAA27DA4B6900760843 /* ShutterButton.swift */; };
		04FE8BAB27CCE50F007AF859 /* PeripheralView.swift in Sources */ = {isa = PBXBuildFile; fileRef = 04FE8BAA27CCE50F007AF859 /* PeripheralView.swift */; };
		275FF1440A50D5474C5EA795 /* Pods_RemoteBLE.framework in Frameworks */ = {isa = PBXBuildFile; fileRef = 85BC8A78F2B8368A329EE3A2 /* Pods_RemoteBLE.framework */; };
		2BA055FD6FBCFC9939D52199 /* Pods_RemoteBLE_RemoteBLEUITests.framework in Frameworks */ = {isa = PBXBuildFile; fileRef = 1B42204337B96E0B9775B746 /* Pods_RemoteBLE_RemoteBLEUITests.framework */; };
		E9DE7AC19D5AD34829EB5081 /* Pods_RemoteBLETests.framework in Frameworks */ = {isa = PBXBuildFile; fileRef = 0A5A79B079854D1ADAF5698C /* Pods_RemoteBLETests.framework */; };
/* End PBXBuildFile section */

/* Begin PBXContainerItemProxy section */
		042CBFA527CBC36A00D56FFB /* PBXContainerItemProxy */ = {
			isa = PBXContainerItemProxy;
			containerPortal = 042CBF8C27CBC36800D56FFB /* Project object */;
			proxyType = 1;
			remoteGlobalIDString = 042CBF9327CBC36800D56FFB;
			remoteInfo = GoProBLE;
		};
		042CBFAF27CBC36A00D56FFB /* PBXContainerItemProxy */ = {
			isa = PBXContainerItemProxy;
			containerPortal = 042CBF8C27CBC36800D56FFB /* Project object */;
			proxyType = 1;
			remoteGlobalIDString = 042CBF9327CBC36800D56FFB;
			remoteInfo = GoProBLE;
		};
/* End PBXContainerItemProxy section */

/* Begin PBXFileReference section */
		0426808A2809F39A00C8AD37 /* en */ = {isa = PBXFileReference; lastKnownFileType = text.plist.strings; name = en; path = en.lproj/Localizable.strings; sourceTree = "<group>"; };
		0426808C2809F3A400C8AD37 /* vi */ = {isa = PBXFileReference; lastKnownFileType = text.plist.strings; name = vi; path = vi.lproj/Localizable.strings; sourceTree = "<group>"; };
		042CBF9427CBC36800D56FFB /* RemoteBLE.app */ = {isa = PBXFileReference; explicitFileType = wrapper.application; includeInIndex = 0; path = RemoteBLE.app; sourceTree = BUILT_PRODUCTS_DIR; };
		042CBF9727CBC36800D56FFB /* GoProBLEApp.swift */ = {isa = PBXFileReference; lastKnownFileType = sourcecode.swift; path = GoProBLEApp.swift; sourceTree = "<group>"; };
		042CBF9927CBC36800D56FFB /* BLEScanningView.swift */ = {isa = PBXFileReference; lastKnownFileType = sourcecode.swift; path = BLEScanningView.swift; sourceTree = "<group>"; };
		042CBF9E27CBC36900D56FFB /* Preview Assets.xcassets */ = {isa = PBXFileReference; lastKnownFileType = folder.assetcatalog; path = "Preview Assets.xcassets"; sourceTree = "<group>"; };
		042CBFA427CBC36A00D56FFB /* RemoteBLETests.xctest */ = {isa = PBXFileReference; explicitFileType = wrapper.cfbundle; includeInIndex = 0; path = RemoteBLETests.xctest; sourceTree = BUILT_PRODUCTS_DIR; };
		042CBFA827CBC36A00D56FFB /* GoProBLETests.swift */ = {isa = PBXFileReference; lastKnownFileType = sourcecode.swift; path = GoProBLETests.swift; sourceTree = "<group>"; };
		042CBFAE27CBC36A00D56FFB /* RemoteBLEUITests.xctest */ = {isa = PBXFileReference; explicitFileType = wrapper.cfbundle; includeInIndex = 0; path = RemoteBLEUITests.xctest; sourceTree = BUILT_PRODUCTS_DIR; };
		042CBFB227CBC36A00D56FFB /* GoProBLEUITests.swift */ = {isa = PBXFileReference; lastKnownFileType = sourcecode.swift; path = GoProBLEUITests.swift; sourceTree = "<group>"; };
		042CBFB427CBC36A00D56FFB /* GoProBLEUITestsLaunchTests.swift */ = {isa = PBXFileReference; lastKnownFileType = sourcecode.swift; path = GoProBLEUITestsLaunchTests.swift; sourceTree = "<group>"; };
		042CBFC127CBC41500D56FFB /* BLEConnection.swift */ = {isa = PBXFileReference; lastKnownFileType = sourcecode.swift; path = BLEConnection.swift; sourceTree = "<group>"; };
		043017ED2809215C0034381B /* RemoteBLE-Info.plist */ = {isa = PBXFileReference; lastKnownFileType = text.plist; path = "RemoteBLE-Info.plist"; sourceTree = "<group>"; };
		04411C6527CE233600E2AC19 /* GoProCharacteristics.swift */ = {isa = PBXFileReference; lastKnownFileType = sourcecode.swift; path = GoProCharacteristics.swift; sourceTree = "<group>"; };
		04411C6727CE266C00E2AC19 /* GoProServices.swift */ = {isa = PBXFileReference; lastKnownFileType = sourcecode.swift; path = GoProServices.swift; sourceTree = "<group>"; };
		04411C6927CE285900E2AC19 /* GoPro.swift */ = {isa = PBXFileReference; lastKnownFileType = sourcecode.swift; path = GoPro.swift; sourceTree = "<group>"; };
		04411C6B27CE3B2800E2AC19 /* GoProCommand.swift */ = {isa = PBXFileReference; lastKnownFileType = sourcecode.swift; path = GoProCommand.swift; sourceTree = "<group>"; };
		04542212280AF8E3003B5ABB /* Readme.md */ = {isa = PBXFileReference; fileEncoding = 4; lastKnownFileType = net.daringfireball.markdown; path = Readme.md; sourceTree = "<group>"; };
		04684E8B27DE20F30048F1D0 /* GoProDataParser.swift */ = {isa = PBXFileReference; lastKnownFileType = sourcecode.swift; path = GoProDataParser.swift; sourceTree = "<group>"; };
		04684E8D27DE21580048F1D0 /* GoProEnums.swift */ = {isa = PBXFileReference; lastKnownFileType = sourcecode.swift; path = GoProEnums.swift; sourceTree = "<group>"; };
		04684E8F27DE28E80048F1D0 /* DataExtension.swift */ = {isa = PBXFileReference; lastKnownFileType = sourcecode.swift; path = DataExtension.swift; sourceTree = "<group>"; };
		047FDC6E280923AA0049A502 /* Auth0.plist */ = {isa = PBXFileReference; lastKnownFileType = text.plist.xml; path = Auth0.plist; sourceTree = "<group>"; };
		047FDC6F280924440049A502 /* AuthenticationView.swift */ = {isa = PBXFileReference; lastKnownFileType = sourcecode.swift; path = AuthenticationView.swift; sourceTree = "<group>"; };
		047FDC752809784E0049A502 /* UserModel.xcdatamodel */ = {isa = PBXFileReference; lastKnownFileType = wrapper.xcdatamodel; path = UserModel.xcdatamodel; sourceTree = "<group>"; };
		047FDC77280978F40049A502 /* AuthenticationViewModel.swift */ = {isa = PBXFileReference; lastKnownFileType = sourcecode.swift; path = AuthenticationViewModel.swift; sourceTree = "<group>"; };
		04C98BA027D12F120030403F /* PeripheralModel.swift */ = {isa = PBXFileReference; lastKnownFileType = sourcecode.swift; path = PeripheralModel.swift; sourceTree = "<group>"; };
		04CB39522806EDC600949CCC /* Assets.xcassets */ = {isa = PBXFileReference; lastKnownFileType = folder.assetcatalog; path = Assets.xcassets; sourceTree = "<group>"; };
		04CB5AAA27DA4B6900760843 /* ShutterButton.swift */ = {isa = PBXFileReference; lastKnownFileType = sourcecode.swift; path = ShutterButton.swift; sourceTree = "<group>"; };
		04FE8BAA27CCE50F007AF859 /* PeripheralView.swift */ = {isa = PBXFileReference; lastKnownFileType = sourcecode.swift; path = PeripheralView.swift; sourceTree = "<group>"; };
		082D7299E5E6C17A8D1D3534 /* Pods-RemoteBLE.release.xcconfig */ = {isa = PBXFileReference; includeInIndex = 1; lastKnownFileType = text.xcconfig; name = "Pods-RemoteBLE.release.xcconfig"; path = "Target Support Files/Pods-RemoteBLE/Pods-RemoteBLE.release.xcconfig"; sourceTree = "<group>"; };
		0A5A79B079854D1ADAF5698C /* Pods_RemoteBLETests.framework */ = {isa = PBXFileReference; explicitFileType = wrapper.framework; includeInIndex = 0; path = Pods_RemoteBLETests.framework; sourceTree = BUILT_PRODUCTS_DIR; };
		1B42204337B96E0B9775B746 /* Pods_RemoteBLE_RemoteBLEUITests.framework */ = {isa = PBXFileReference; explicitFileType = wrapper.framework; includeInIndex = 0; path = Pods_RemoteBLE_RemoteBLEUITests.framework; sourceTree = BUILT_PRODUCTS_DIR; };
		643BC583C40A604611E4190B /* Pods-RemoteBLE.debug.xcconfig */ = {isa = PBXFileReference; includeInIndex = 1; lastKnownFileType = text.xcconfig; name = "Pods-RemoteBLE.debug.xcconfig"; path = "Target Support Files/Pods-RemoteBLE/Pods-RemoteBLE.debug.xcconfig"; sourceTree = "<group>"; };
		709D55A538517F300C17C91D /* Pods-RemoteBLETests.release.xcconfig */ = {isa = PBXFileReference; includeInIndex = 1; lastKnownFileType = text.xcconfig; name = "Pods-RemoteBLETests.release.xcconfig"; path = "Target Support Files/Pods-RemoteBLETests/Pods-RemoteBLETests.release.xcconfig"; sourceTree = "<group>"; };
		7957146172258A138411B590 /* Pods-RemoteBLE-RemoteBLEUITests.debug.xcconfig */ = {isa = PBXFileReference; includeInIndex = 1; lastKnownFileType = text.xcconfig; name = "Pods-RemoteBLE-RemoteBLEUITests.debug.xcconfig"; path = "Target Support Files/Pods-RemoteBLE-RemoteBLEUITests/Pods-RemoteBLE-RemoteBLEUITests.debug.xcconfig"; sourceTree = "<group>"; };
		85BC8A78F2B8368A329EE3A2 /* Pods_RemoteBLE.framework */ = {isa = PBXFileReference; explicitFileType = wrapper.framework; includeInIndex = 0; path = Pods_RemoteBLE.framework; sourceTree = BUILT_PRODUCTS_DIR; };
		B36E12F709E0021F51692F2E /* Pods-RemoteBLE-RemoteBLEUITests.release.xcconfig */ = {isa = PBXFileReference; includeInIndex = 1; lastKnownFileType = text.xcconfig; name = "Pods-RemoteBLE-RemoteBLEUITests.release.xcconfig"; path = "Target Support Files/Pods-RemoteBLE-RemoteBLEUITests/Pods-RemoteBLE-RemoteBLEUITests.release.xcconfig"; sourceTree = "<group>"; };
		BF712536D44C43B6D259EAC3 /* Pods-RemoteBLETests.debug.xcconfig */ = {isa = PBXFileReference; includeInIndex = 1; lastKnownFileType = text.xcconfig; name = "Pods-RemoteBLETests.debug.xcconfig"; path = "Target Support Files/Pods-RemoteBLETests/Pods-RemoteBLETests.debug.xcconfig"; sourceTree = "<group>"; };
/* End PBXFileReference section */

/* Begin PBXFrameworksBuildPhase section */
		042CBF9127CBC36800D56FFB /* Frameworks */ = {
			isa = PBXFrameworksBuildPhase;
			buildActionMask = 2147483647;
			files = (
				275FF1440A50D5474C5EA795 /* Pods_RemoteBLE.framework in Frameworks */,
			);
			runOnlyForDeploymentPostprocessing = 0;
		};
		042CBFA127CBC36A00D56FFB /* Frameworks */ = {
			isa = PBXFrameworksBuildPhase;
			buildActionMask = 2147483647;
			files = (
				E9DE7AC19D5AD34829EB5081 /* Pods_RemoteBLETests.framework in Frameworks */,
			);
			runOnlyForDeploymentPostprocessing = 0;
		};
		042CBFAB27CBC36A00D56FFB /* Frameworks */ = {
			isa = PBXFrameworksBuildPhase;
			buildActionMask = 2147483647;
			files = (
				2BA055FD6FBCFC9939D52199 /* Pods_RemoteBLE_RemoteBLEUITests.framework in Frameworks */,
			);
			runOnlyForDeploymentPostprocessing = 0;
		};
/* End PBXFrameworksBuildPhase section */

/* Begin PBXGroup section */
		042680772809EE3600C8AD37 /* localizes */ = {
			isa = PBXGroup;
			children = (
			);
			path = localizes;
			sourceTree = "<group>";
		};
		042CBF8B27CBC36800D56FFB = {
			isa = PBXGroup;
			children = (
				04542212280AF8E3003B5ABB /* Readme.md */,
				047FDC6E280923AA0049A502 /* Auth0.plist */,
				043017ED2809215C0034381B /* RemoteBLE-Info.plist */,
				042CBF9627CBC36800D56FFB /* GoProBLE */,
				042CBFA727CBC36A00D56FFB /* GoProBLETests */,
				042CBFB127CBC36A00D56FFB /* GoProBLEUITests */,
				042CBF9527CBC36800D56FFB /* Products */,
				1F43352B581A31770F4BBCE5 /* Pods */,
				22AC60A05369678D3D2B9F6B /* Frameworks */,
			);
			sourceTree = "<group>";
		};
		042CBF9527CBC36800D56FFB /* Products */ = {
			isa = PBXGroup;
			children = (
				042CBF9427CBC36800D56FFB /* RemoteBLE.app */,
				042CBFA427CBC36A00D56FFB /* RemoteBLETests.xctest */,
				042CBFAE27CBC36A00D56FFB /* RemoteBLEUITests.xctest */,
			);
			name = Products;
			sourceTree = "<group>";
		};
		042CBF9627CBC36800D56FFB /* GoProBLE */ = {
			isa = PBXGroup;
			children = (
				042680772809EE3600C8AD37 /* localizes */,
				047FDC7D28097BA00049A502 /* BLE */,
				047FDC7C28097B790049A502 /* Peripheral */,
				047FDC7B28097B600049A502 /* Utils */,
				047FDC7A28097B3A0049A502 /* CustomDesigns */,
				047FDC7928097B210049A502 /* Authentication */,
				04411C6D27CE3C1700E2AC19 /* GoPro */,
				042CBF9727CBC36800D56FFB /* GoProBLEApp.swift */,
				04CB39522806EDC600949CCC /* Assets.xcassets */,
				047FDC742809784E0049A502 /* UserModel.xcdatamodeld */,
				042CBF9D27CBC36900D56FFB /* Preview Content */,
				0426808B2809F39A00C8AD37 /* Localizable.strings */,
			);
			path = GoProBLE;
			sourceTree = "<group>";
		};
		042CBF9D27CBC36900D56FFB /* Preview Content */ = {
			isa = PBXGroup;
			children = (
				042CBF9E27CBC36900D56FFB /* Preview Assets.xcassets */,
			);
			path = "Preview Content";
			sourceTree = "<group>";
		};
		042CBFA727CBC36A00D56FFB /* GoProBLETests */ = {
			isa = PBXGroup;
			children = (
				042CBFA827CBC36A00D56FFB /* GoProBLETests.swift */,
			);
			path = GoProBLETests;
			sourceTree = "<group>";
		};
		042CBFB127CBC36A00D56FFB /* GoProBLEUITests */ = {
			isa = PBXGroup;
			children = (
				042CBFB227CBC36A00D56FFB /* GoProBLEUITests.swift */,
				042CBFB427CBC36A00D56FFB /* GoProBLEUITestsLaunchTests.swift */,
			);
			path = GoProBLEUITests;
			sourceTree = "<group>";
		};
		04411C6D27CE3C1700E2AC19 /* GoPro */ = {
			isa = PBXGroup;
			children = (
				04411C6527CE233600E2AC19 /* GoProCharacteristics.swift */,
				04411C6B27CE3B2800E2AC19 /* GoProCommand.swift */,
				04411C6727CE266C00E2AC19 /* GoProServices.swift */,
				04411C6927CE285900E2AC19 /* GoPro.swift */,
				04684E8B27DE20F30048F1D0 /* GoProDataParser.swift */,
				04684E8D27DE21580048F1D0 /* GoProEnums.swift */,
			);
			path = GoPro;
			sourceTree = "<group>";
		};
		047FDC7928097B210049A502 /* Authentication */ = {
			isa = PBXGroup;
			children = (
				047FDC6F280924440049A502 /* AuthenticationView.swift */,
				047FDC77280978F40049A502 /* AuthenticationViewModel.swift */,
			);
			path = Authentication;
			sourceTree = "<group>";
		};
		047FDC7A28097B3A0049A502 /* CustomDesigns */ = {
			isa = PBXGroup;
			children = (
				04CB5AAA27DA4B6900760843 /* ShutterButton.swift */,
			);
			path = CustomDesigns;
			sourceTree = "<group>";
		};
		047FDC7B28097B600049A502 /* Utils */ = {
			isa = PBXGroup;
			children = (
				04684E8F27DE28E80048F1D0 /* DataExtension.swift */,
			);
			path = Utils;
			sourceTree = "<group>";
		};
		047FDC7C28097B790049A502 /* Peripheral */ = {
			isa = PBXGroup;
			children = (
				04C98BA027D12F120030403F /* PeripheralModel.swift */,
				04FE8BAA27CCE50F007AF859 /* PeripheralView.swift */,
			);
			path = Peripheral;
			sourceTree = "<group>";
		};
		047FDC7D28097BA00049A502 /* BLE */ = {
			isa = PBXGroup;
			children = (
				042CBFC127CBC41500D56FFB /* BLEConnection.swift */,
				042CBF9927CBC36800D56FFB /* BLEScanningView.swift */,
			);
			path = BLE;
			sourceTree = "<group>";
		};
		1F43352B581A31770F4BBCE5 /* Pods */ = {
			isa = PBXGroup;
			children = (
				643BC583C40A604611E4190B /* Pods-RemoteBLE.debug.xcconfig */,
				082D7299E5E6C17A8D1D3534 /* Pods-RemoteBLE.release.xcconfig */,
				7957146172258A138411B590 /* Pods-RemoteBLE-RemoteBLEUITests.debug.xcconfig */,
				B36E12F709E0021F51692F2E /* Pods-RemoteBLE-RemoteBLEUITests.release.xcconfig */,
				BF712536D44C43B6D259EAC3 /* Pods-RemoteBLETests.debug.xcconfig */,
				709D55A538517F300C17C91D /* Pods-RemoteBLETests.release.xcconfig */,
			);
			path = Pods;
			sourceTree = "<group>";
		};
		22AC60A05369678D3D2B9F6B /* Frameworks */ = {
			isa = PBXGroup;
			children = (
				85BC8A78F2B8368A329EE3A2 /* Pods_RemoteBLE.framework */,
				1B42204337B96E0B9775B746 /* Pods_RemoteBLE_RemoteBLEUITests.framework */,
				0A5A79B079854D1ADAF5698C /* Pods_RemoteBLETests.framework */,
			);
			name = Frameworks;
			sourceTree = "<group>";
		};
/* End PBXGroup section */

/* Begin PBXNativeTarget section */
		042CBF9327CBC36800D56FFB /* RemoteBLE */ = {
			isa = PBXNativeTarget;
			buildConfigurationList = 042CBFB827CBC36A00D56FFB /* Build configuration list for PBXNativeTarget "RemoteBLE" */;
			buildPhases = (
				BEAD834D54CDFE6DDBA676C7 /* [CP] Check Pods Manifest.lock */,
				042CBF9027CBC36800D56FFB /* Sources */,
				042CBF9127CBC36800D56FFB /* Frameworks */,
				042CBF9227CBC36800D56FFB /* Resources */,
				CCE870E5DEDAE95EA92EEDF8 /* [CP] Embed Pods Frameworks */,
			);
			buildRules = (
			);
			dependencies = (
			);
			name = RemoteBLE;
			productName = GoProBLE;
			productReference = 042CBF9427CBC36800D56FFB /* RemoteBLE.app */;
			productType = "com.apple.product-type.application";
		};
		042CBFA327CBC36A00D56FFB /* RemoteBLETests */ = {
			isa = PBXNativeTarget;
			buildConfigurationList = 042CBFBB27CBC36A00D56FFB /* Build configuration list for PBXNativeTarget "RemoteBLETests" */;
			buildPhases = (
				B418097C066B86BAC35049D5 /* [CP] Check Pods Manifest.lock */,
				042CBFA027CBC36A00D56FFB /* Sources */,
				042CBFA127CBC36A00D56FFB /* Frameworks */,
				042CBFA227CBC36A00D56FFB /* Resources */,
			);
			buildRules = (
			);
			dependencies = (
				042CBFA627CBC36A00D56FFB /* PBXTargetDependency */,
			);
			name = RemoteBLETests;
			productName = GoProBLETests;
			productReference = 042CBFA427CBC36A00D56FFB /* RemoteBLETests.xctest */;
			productType = "com.apple.product-type.bundle.unit-test";
		};
		042CBFAD27CBC36A00D56FFB /* RemoteBLEUITests */ = {
			isa = PBXNativeTarget;
			buildConfigurationList = 042CBFBE27CBC36A00D56FFB /* Build configuration list for PBXNativeTarget "RemoteBLEUITests" */;
			buildPhases = (
				644E8A33A5A0C8D1B36B214B /* [CP] Check Pods Manifest.lock */,
				042CBFAA27CBC36A00D56FFB /* Sources */,
				042CBFAB27CBC36A00D56FFB /* Frameworks */,
				042CBFAC27CBC36A00D56FFB /* Resources */,
				578B28E1F176E09C0F17AC99 /* [CP] Embed Pods Frameworks */,
			);
			buildRules = (
			);
			dependencies = (
				042CBFB027CBC36A00D56FFB /* PBXTargetDependency */,
			);
			name = RemoteBLEUITests;
			productName = GoProBLEUITests;
			productReference = 042CBFAE27CBC36A00D56FFB /* RemoteBLEUITests.xctest */;
			productType = "com.apple.product-type.bundle.ui-testing";
		};
/* End PBXNativeTarget section */

/* Begin PBXProject section */
		042CBF8C27CBC36800D56FFB /* Project object */ = {
			isa = PBXProject;
			attributes = {
				BuildIndependentTargetsInParallel = 1;
				LastSwiftUpdateCheck = 1320;
				LastUpgradeCheck = 1320;
				TargetAttributes = {
					042CBF9327CBC36800D56FFB = {
						CreatedOnToolsVersion = 13.2.1;
					};
					042CBFA327CBC36A00D56FFB = {
						CreatedOnToolsVersion = 13.2.1;
						TestTargetID = 042CBF9327CBC36800D56FFB;
					};
					042CBFAD27CBC36A00D56FFB = {
						CreatedOnToolsVersion = 13.2.1;
						TestTargetID = 042CBF9327CBC36800D56FFB;
					};
				};
			};
			buildConfigurationList = 042CBF8F27CBC36800D56FFB /* Build configuration list for PBXProject "RemoteBLE" */;
			compatibilityVersion = "Xcode 13.0";
			developmentRegion = en;
			hasScannedForEncodings = 0;
			knownRegions = (
				en,
				Base,
				vi,
			);
			mainGroup = 042CBF8B27CBC36800D56FFB;
			productRefGroup = 042CBF9527CBC36800D56FFB /* Products */;
			projectDirPath = "";
			projectRoot = "";
			targets = (
				042CBF9327CBC36800D56FFB /* RemoteBLE */,
				042CBFA327CBC36A00D56FFB /* RemoteBLETests */,
				042CBFAD27CBC36A00D56FFB /* RemoteBLEUITests */,
			);
		};
/* End PBXProject section */

/* Begin PBXResourcesBuildPhase section */
		042CBF9227CBC36800D56FFB /* Resources */ = {
			isa = PBXResourcesBuildPhase;
			buildActionMask = 2147483647;
			files = (
				04542213280AF8E3003B5ABB /* Readme.md in Resources */,
				04CB39532806EDC600949CCC /* Assets.xcassets in Resources */,
				042680892809F39A00C8AD37 /* Localizable.strings in Resources */,
				047FDC71280926410049A502 /* Auth0.plist in Resources */,
				042CBF9F27CBC36900D56FFB /* Preview Assets.xcassets in Resources */,
			);
			runOnlyForDeploymentPostprocessing = 0;
		};
		042CBFA227CBC36A00D56FFB /* Resources */ = {
			isa = PBXResourcesBuildPhase;
			buildActionMask = 2147483647;
			files = (
				047FDC72280926420049A502 /* Auth0.plist in Resources */,
			);
			runOnlyForDeploymentPostprocessing = 0;
		};
		042CBFAC27CBC36A00D56FFB /* Resources */ = {
			isa = PBXResourcesBuildPhase;
			buildActionMask = 2147483647;
			files = (
				047FDC73280926450049A502 /* Auth0.plist in Resources */,
			);
			runOnlyForDeploymentPostprocessing = 0;
		};
/* End PBXResourcesBuildPhase section */

/* Begin PBXShellScriptBuildPhase section */
		578B28E1F176E09C0F17AC99 /* [CP] Embed Pods Frameworks */ = {
			isa = PBXShellScriptBuildPhase;
			buildActionMask = 2147483647;
			files = (
			);
			inputFileListPaths = (
				"${PODS_ROOT}/Target Support Files/Pods-RemoteBLE-RemoteBLEUITests/Pods-RemoteBLE-RemoteBLEUITests-frameworks-${CONFIGURATION}-input-files.xcfilelist",
			);
			name = "[CP] Embed Pods Frameworks";
			outputFileListPaths = (
				"${PODS_ROOT}/Target Support Files/Pods-RemoteBLE-RemoteBLEUITests/Pods-RemoteBLE-RemoteBLEUITests-frameworks-${CONFIGURATION}-output-files.xcfilelist",
			);
			runOnlyForDeploymentPostprocessing = 0;
			shellPath = /bin/sh;
			shellScript = "\"${PODS_ROOT}/Target Support Files/Pods-RemoteBLE-RemoteBLEUITests/Pods-RemoteBLE-RemoteBLEUITests-frameworks.sh\"\n";
			showEnvVarsInLog = 0;
		};
		644E8A33A5A0C8D1B36B214B /* [CP] Check Pods Manifest.lock */ = {
			isa = PBXShellScriptBuildPhase;
			buildActionMask = 2147483647;
			files = (
			);
			inputFileListPaths = (
			);
			inputPaths = (
				"${PODS_PODFILE_DIR_PATH}/Podfile.lock",
				"${PODS_ROOT}/Manifest.lock",
			);
			name = "[CP] Check Pods Manifest.lock";
			outputFileListPaths = (
			);
			outputPaths = (
				"$(DERIVED_FILE_DIR)/Pods-RemoteBLE-RemoteBLEUITests-checkManifestLockResult.txt",
			);
			runOnlyForDeploymentPostprocessing = 0;
			shellPath = /bin/sh;
			shellScript = "diff \"${PODS_PODFILE_DIR_PATH}/Podfile.lock\" \"${PODS_ROOT}/Manifest.lock\" > /dev/null\nif [ $? != 0 ] ; then\n    # print error to STDERR\n    echo \"error: The sandbox is not in sync with the Podfile.lock. Run 'pod install' or update your CocoaPods installation.\" >&2\n    exit 1\nfi\n# This output is used by Xcode 'outputs' to avoid re-running this script phase.\necho \"SUCCESS\" > \"${SCRIPT_OUTPUT_FILE_0}\"\n";
			showEnvVarsInLog = 0;
		};
		B418097C066B86BAC35049D5 /* [CP] Check Pods Manifest.lock */ = {
			isa = PBXShellScriptBuildPhase;
			buildActionMask = 2147483647;
			files = (
			);
			inputFileListPaths = (
			);
			inputPaths = (
				"${PODS_PODFILE_DIR_PATH}/Podfile.lock",
				"${PODS_ROOT}/Manifest.lock",
			);
			name = "[CP] Check Pods Manifest.lock";
			outputFileListPaths = (
			);
			outputPaths = (
				"$(DERIVED_FILE_DIR)/Pods-RemoteBLETests-checkManifestLockResult.txt",
			);
			runOnlyForDeploymentPostprocessing = 0;
			shellPath = /bin/sh;
			shellScript = "diff \"${PODS_PODFILE_DIR_PATH}/Podfile.lock\" \"${PODS_ROOT}/Manifest.lock\" > /dev/null\nif [ $? != 0 ] ; then\n    # print error to STDERR\n    echo \"error: The sandbox is not in sync with the Podfile.lock. Run 'pod install' or update your CocoaPods installation.\" >&2\n    exit 1\nfi\n# This output is used by Xcode 'outputs' to avoid re-running this script phase.\necho \"SUCCESS\" > \"${SCRIPT_OUTPUT_FILE_0}\"\n";
			showEnvVarsInLog = 0;
		};
		BEAD834D54CDFE6DDBA676C7 /* [CP] Check Pods Manifest.lock */ = {
			isa = PBXShellScriptBuildPhase;
			buildActionMask = 2147483647;
			files = (
			);
			inputFileListPaths = (
			);
			inputPaths = (
				"${PODS_PODFILE_DIR_PATH}/Podfile.lock",
				"${PODS_ROOT}/Manifest.lock",
			);
			name = "[CP] Check Pods Manifest.lock";
			outputFileListPaths = (
			);
			outputPaths = (
				"$(DERIVED_FILE_DIR)/Pods-RemoteBLE-checkManifestLockResult.txt",
			);
			runOnlyForDeploymentPostprocessing = 0;
			shellPath = /bin/sh;
			shellScript = "diff \"${PODS_PODFILE_DIR_PATH}/Podfile.lock\" \"${PODS_ROOT}/Manifest.lock\" > /dev/null\nif [ $? != 0 ] ; then\n    # print error to STDERR\n    echo \"error: The sandbox is not in sync with the Podfile.lock. Run 'pod install' or update your CocoaPods installation.\" >&2\n    exit 1\nfi\n# This output is used by Xcode 'outputs' to avoid re-running this script phase.\necho \"SUCCESS\" > \"${SCRIPT_OUTPUT_FILE_0}\"\n";
			showEnvVarsInLog = 0;
		};
		CCE870E5DEDAE95EA92EEDF8 /* [CP] Embed Pods Frameworks */ = {
			isa = PBXShellScriptBuildPhase;
			buildActionMask = 2147483647;
			files = (
			);
			inputFileListPaths = (
				"${PODS_ROOT}/Target Support Files/Pods-RemoteBLE/Pods-RemoteBLE-frameworks-${CONFIGURATION}-input-files.xcfilelist",
			);
			name = "[CP] Embed Pods Frameworks";
			outputFileListPaths = (
				"${PODS_ROOT}/Target Support Files/Pods-RemoteBLE/Pods-RemoteBLE-frameworks-${CONFIGURATION}-output-files.xcfilelist",
			);
			runOnlyForDeploymentPostprocessing = 0;
			shellPath = /bin/sh;
			shellScript = "\"${PODS_ROOT}/Target Support Files/Pods-RemoteBLE/Pods-RemoteBLE-frameworks.sh\"\n";
			showEnvVarsInLog = 0;
		};
/* End PBXShellScriptBuildPhase section */

/* Begin PBXSourcesBuildPhase section */
		042CBF9027CBC36800D56FFB /* Sources */ = {
			isa = PBXSourcesBuildPhase;
			buildActionMask = 2147483647;
			files = (
				04684E8C27DE20F30048F1D0 /* GoProDataParser.swift in Sources */,
				04411C6627CE233600E2AC19 /* GoProCharacteristics.swift in Sources */,
				04CB5AAB27DA4B6900760843 /* ShutterButton.swift in Sources */,
				04411C6827CE266C00E2AC19 /* GoProServices.swift in Sources */,
				042CBF9A27CBC36800D56FFB /* BLEScanningView.swift in Sources */,
				047FDC762809784E0049A502 /* UserModel.xcdatamodeld in Sources */,
				04411C6C27CE3B2800E2AC19 /* GoProCommand.swift in Sources */,
				04684E9027DE28E80048F1D0 /* DataExtension.swift in Sources */,
				04684E8E27DE21580048F1D0 /* GoProEnums.swift in Sources */,
				042CBFC227CBC41500D56FFB /* BLEConnection.swift in Sources */,
				04C98BA127D12F120030403F /* PeripheralModel.swift in Sources */,
				047FDC70280924440049A502 /* AuthenticationView.swift in Sources */,
				042CBF9827CBC36800D56FFB /* GoProBLEApp.swift in Sources */,
				047FDC78280978F40049A502 /* AuthenticationViewModel.swift in Sources */,
				04FE8BAB27CCE50F007AF859 /* PeripheralView.swift in Sources */,
				04411C6A27CE285900E2AC19 /* GoPro.swift in Sources */,
			);
			runOnlyForDeploymentPostprocessing = 0;
		};
		042CBFA027CBC36A00D56FFB /* Sources */ = {
			isa = PBXSourcesBuildPhase;
			buildActionMask = 2147483647;
			files = (
				042CBFA927CBC36A00D56FFB /* GoProBLETests.swift in Sources */,
			);
			runOnlyForDeploymentPostprocessing = 0;
		};
		042CBFAA27CBC36A00D56FFB /* Sources */ = {
			isa = PBXSourcesBuildPhase;
			buildActionMask = 2147483647;
			files = (
				042CBFB527CBC36A00D56FFB /* GoProBLEUITestsLaunchTests.swift in Sources */,
				042CBFB327CBC36A00D56FFB /* GoProBLEUITests.swift in Sources */,
			);
			runOnlyForDeploymentPostprocessing = 0;
		};
/* End PBXSourcesBuildPhase section */

/* Begin PBXTargetDependency section */
		042CBFA627CBC36A00D56FFB /* PBXTargetDependency */ = {
			isa = PBXTargetDependency;
			target = 042CBF9327CBC36800D56FFB /* RemoteBLE */;
			targetProxy = 042CBFA527CBC36A00D56FFB /* PBXContainerItemProxy */;
		};
		042CBFB027CBC36A00D56FFB /* PBXTargetDependency */ = {
			isa = PBXTargetDependency;
			target = 042CBF9327CBC36800D56FFB /* RemoteBLE */;
			targetProxy = 042CBFAF27CBC36A00D56FFB /* PBXContainerItemProxy */;
		};
/* End PBXTargetDependency section */

/* Begin PBXVariantGroup section */
		0426808B2809F39A00C8AD37 /* Localizable.strings */ = {
			isa = PBXVariantGroup;
			children = (
				0426808A2809F39A00C8AD37 /* en */,
				0426808C2809F3A400C8AD37 /* vi */,
			);
			name = Localizable.strings;
			sourceTree = "<group>";
		};
/* End PBXVariantGroup section */

/* Begin XCBuildConfiguration section */
		042CBFB627CBC36A00D56FFB /* Debug */ = {
			isa = XCBuildConfiguration;
			buildSettings = {
				ALWAYS_SEARCH_USER_PATHS = NO;
				CLANG_ANALYZER_LOCALIZABILITY_NONLOCALIZED = YES;
				CLANG_ANALYZER_NONNULL = YES;
				CLANG_ANALYZER_NUMBER_OBJECT_CONVERSION = YES_AGGRESSIVE;
				CLANG_CXX_LANGUAGE_STANDARD = "gnu++17";
				CLANG_CXX_LIBRARY = "libc++";
				CLANG_ENABLE_MODULES = YES;
				CLANG_ENABLE_OBJC_ARC = YES;
				CLANG_ENABLE_OBJC_WEAK = YES;
				CLANG_WARN_BLOCK_CAPTURE_AUTORELEASING = YES;
				CLANG_WARN_BOOL_CONVERSION = YES;
				CLANG_WARN_COMMA = YES;
				CLANG_WARN_CONSTANT_CONVERSION = YES;
				CLANG_WARN_DEPRECATED_OBJC_IMPLEMENTATIONS = YES;
				CLANG_WARN_DIRECT_OBJC_ISA_USAGE = YES_ERROR;
				CLANG_WARN_DOCUMENTATION_COMMENTS = YES;
				CLANG_WARN_EMPTY_BODY = YES;
				CLANG_WARN_ENUM_CONVERSION = YES;
				CLANG_WARN_INFINITE_RECURSION = YES;
				CLANG_WARN_INT_CONVERSION = YES;
				CLANG_WARN_NON_LITERAL_NULL_CONVERSION = YES;
				CLANG_WARN_OBJC_IMPLICIT_RETAIN_SELF = YES;
				CLANG_WARN_OBJC_LITERAL_CONVERSION = YES;
				CLANG_WARN_OBJC_ROOT_CLASS = YES_ERROR;
				CLANG_WARN_QUOTED_INCLUDE_IN_FRAMEWORK_HEADER = YES;
				CLANG_WARN_RANGE_LOOP_ANALYSIS = YES;
				CLANG_WARN_STRICT_PROTOTYPES = YES;
				CLANG_WARN_SUSPICIOUS_MOVE = YES;
				CLANG_WARN_UNGUARDED_AVAILABILITY = YES_AGGRESSIVE;
				CLANG_WARN_UNREACHABLE_CODE = YES;
				CLANG_WARN__DUPLICATE_METHOD_MATCH = YES;
				COPY_PHASE_STRIP = NO;
				DEBUG_INFORMATION_FORMAT = dwarf;
				ENABLE_STRICT_OBJC_MSGSEND = YES;
				ENABLE_TESTABILITY = YES;
				GCC_C_LANGUAGE_STANDARD = gnu11;
				GCC_DYNAMIC_NO_PIC = NO;
				GCC_NO_COMMON_BLOCKS = YES;
				GCC_OPTIMIZATION_LEVEL = 0;
				GCC_PREPROCESSOR_DEFINITIONS = (
					"DEBUG=1",
					"$(inherited)",
				);
				GCC_WARN_64_TO_32_BIT_CONVERSION = YES;
				GCC_WARN_ABOUT_RETURN_TYPE = YES_ERROR;
				GCC_WARN_UNDECLARED_SELECTOR = YES;
				GCC_WARN_UNINITIALIZED_AUTOS = YES_AGGRESSIVE;
				GCC_WARN_UNUSED_FUNCTION = YES;
				GCC_WARN_UNUSED_VARIABLE = YES;
				IPHONEOS_DEPLOYMENT_TARGET = 14.0;
				MTL_ENABLE_DEBUG_INFO = INCLUDE_SOURCE;
				MTL_FAST_MATH = YES;
				ONLY_ACTIVE_ARCH = YES;
				SDKROOT = iphoneos;
				SWIFT_ACTIVE_COMPILATION_CONDITIONS = DEBUG;
				SWIFT_OPTIMIZATION_LEVEL = "-Onone";
			};
			name = Debug;
		};
		042CBFB727CBC36A00D56FFB /* Release */ = {
			isa = XCBuildConfiguration;
			buildSettings = {
				ALWAYS_SEARCH_USER_PATHS = NO;
				CLANG_ANALYZER_LOCALIZABILITY_NONLOCALIZED = YES;
				CLANG_ANALYZER_NONNULL = YES;
				CLANG_ANALYZER_NUMBER_OBJECT_CONVERSION = YES_AGGRESSIVE;
				CLANG_CXX_LANGUAGE_STANDARD = "gnu++17";
				CLANG_CXX_LIBRARY = "libc++";
				CLANG_ENABLE_MODULES = YES;
				CLANG_ENABLE_OBJC_ARC = YES;
				CLANG_ENABLE_OBJC_WEAK = YES;
				CLANG_WARN_BLOCK_CAPTURE_AUTORELEASING = YES;
				CLANG_WARN_BOOL_CONVERSION = YES;
				CLANG_WARN_COMMA = YES;
				CLANG_WARN_CONSTANT_CONVERSION = YES;
				CLANG_WARN_DEPRECATED_OBJC_IMPLEMENTATIONS = YES;
				CLANG_WARN_DIRECT_OBJC_ISA_USAGE = YES_ERROR;
				CLANG_WARN_DOCUMENTATION_COMMENTS = YES;
				CLANG_WARN_EMPTY_BODY = YES;
				CLANG_WARN_ENUM_CONVERSION = YES;
				CLANG_WARN_INFINITE_RECURSION = YES;
				CLANG_WARN_INT_CONVERSION = YES;
				CLANG_WARN_NON_LITERAL_NULL_CONVERSION = YES;
				CLANG_WARN_OBJC_IMPLICIT_RETAIN_SELF = YES;
				CLANG_WARN_OBJC_LITERAL_CONVERSION = YES;
				CLANG_WARN_OBJC_ROOT_CLASS = YES_ERROR;
				CLANG_WARN_QUOTED_INCLUDE_IN_FRAMEWORK_HEADER = YES;
				CLANG_WARN_RANGE_LOOP_ANALYSIS = YES;
				CLANG_WARN_STRICT_PROTOTYPES = YES;
				CLANG_WARN_SUSPICIOUS_MOVE = YES;
				CLANG_WARN_UNGUARDED_AVAILABILITY = YES_AGGRESSIVE;
				CLANG_WARN_UNREACHABLE_CODE = YES;
				CLANG_WARN__DUPLICATE_METHOD_MATCH = YES;
				COPY_PHASE_STRIP = NO;
				DEBUG_INFORMATION_FORMAT = "dwarf-with-dsym";
				ENABLE_NS_ASSERTIONS = NO;
				ENABLE_STRICT_OBJC_MSGSEND = YES;
				GCC_C_LANGUAGE_STANDARD = gnu11;
				GCC_NO_COMMON_BLOCKS = YES;
				GCC_WARN_64_TO_32_BIT_CONVERSION = YES;
				GCC_WARN_ABOUT_RETURN_TYPE = YES_ERROR;
				GCC_WARN_UNDECLARED_SELECTOR = YES;
				GCC_WARN_UNINITIALIZED_AUTOS = YES_AGGRESSIVE;
				GCC_WARN_UNUSED_FUNCTION = YES;
				GCC_WARN_UNUSED_VARIABLE = YES;
				IPHONEOS_DEPLOYMENT_TARGET = 14.0;
				MTL_ENABLE_DEBUG_INFO = NO;
				MTL_FAST_MATH = YES;
				SDKROOT = iphoneos;
				SWIFT_COMPILATION_MODE = wholemodule;
				SWIFT_OPTIMIZATION_LEVEL = "-O";
				VALIDATE_PRODUCT = YES;
			};
			name = Release;
		};
		042CBFB927CBC36A00D56FFB /* Debug */ = {
			isa = XCBuildConfiguration;
			baseConfigurationReference = 643BC583C40A604611E4190B /* Pods-RemoteBLE.debug.xcconfig */;
			buildSettings = {
				ASSETCATALOG_COMPILER_APPICON_NAME = AppIcon;
				ASSETCATALOG_COMPILER_GLOBAL_ACCENT_COLOR_NAME = AccentColor;
				CODE_SIGN_STYLE = Automatic;
				CURRENT_PROJECT_VERSION = 1;
				DEVELOPMENT_ASSET_PATHS = "\"GoProBLE/Preview Content\"";
				DEVELOPMENT_TEAM = UUJPJU7Y6C;
				ENABLE_PREVIEWS = YES;
				GENERATE_INFOPLIST_FILE = YES;
				INFOPLIST_FILE = "RemoteBLE-Info.plist";
				INFOPLIST_KEY_LSApplicationCategoryType = "";
				INFOPLIST_KEY_NSBluetoothAlwaysUsageDescription = "use bluetooth to discover gopro";
				INFOPLIST_KEY_UIApplicationSceneManifest_Generation = YES;
				INFOPLIST_KEY_UIApplicationSupportsIndirectInputEvents = YES;
				INFOPLIST_KEY_UILaunchScreen_Generation = YES;
				INFOPLIST_KEY_UISupportedInterfaceOrientations_iPad = "UIInterfaceOrientationPortrait UIInterfaceOrientationPortraitUpsideDown UIInterfaceOrientationLandscapeLeft UIInterfaceOrientationLandscapeRight";
				INFOPLIST_KEY_UISupportedInterfaceOrientations_iPhone = "UIInterfaceOrientationPortrait UIInterfaceOrientationLandscapeLeft UIInterfaceOrientationLandscapeRight";
				LD_RUNPATH_SEARCH_PATHS = (
					"$(inherited)",
					"@executable_path/Frameworks",
				);
				MARKETING_VERSION = 1.0;
				PRODUCT_BUNDLE_IDENTIFIER = com.github.khangzxrr.RemoteBLE;
				PRODUCT_NAME = RemoteBLE;
				SWIFT_EMIT_LOC_STRINGS = YES;
				SWIFT_VERSION = 5.0;
				TARGETED_DEVICE_FAMILY = 1;
			};
			name = Debug;
		};
		042CBFBA27CBC36A00D56FFB /* Release */ = {
			isa = XCBuildConfiguration;
			baseConfigurationReference = 082D7299E5E6C17A8D1D3534 /* Pods-RemoteBLE.release.xcconfig */;
			buildSettings = {
				ASSETCATALOG_COMPILER_APPICON_NAME = AppIcon;
				ASSETCATALOG_COMPILER_GLOBAL_ACCENT_COLOR_NAME = AccentColor;
				CODE_SIGN_STYLE = Automatic;
				CURRENT_PROJECT_VERSION = 1;
				DEVELOPMENT_ASSET_PATHS = "\"GoProBLE/Preview Content\"";
				DEVELOPMENT_TEAM = UUJPJU7Y6C;
				ENABLE_PREVIEWS = YES;
				GENERATE_INFOPLIST_FILE = YES;
				INFOPLIST_FILE = "RemoteBLE-Info.plist";
				INFOPLIST_KEY_LSApplicationCategoryType = "";
				INFOPLIST_KEY_NSBluetoothAlwaysUsageDescription = "use bluetooth to discover gopro";
				INFOPLIST_KEY_UIApplicationSceneManifest_Generation = YES;
				INFOPLIST_KEY_UIApplicationSupportsIndirectInputEvents = YES;
				INFOPLIST_KEY_UILaunchScreen_Generation = YES;
				INFOPLIST_KEY_UISupportedInterfaceOrientations_iPad = "UIInterfaceOrientationPortrait UIInterfaceOrientationPortraitUpsideDown UIInterfaceOrientationLandscapeLeft UIInterfaceOrientationLandscapeRight";
				INFOPLIST_KEY_UISupportedInterfaceOrientations_iPhone = "UIInterfaceOrientationPortrait UIInterfaceOrientationLandscapeLeft UIInterfaceOrientationLandscapeRight";
				LD_RUNPATH_SEARCH_PATHS = (
					"$(inherited)",
					"@executable_path/Frameworks",
				);
				MARKETING_VERSION = 1.0;
				PRODUCT_BUNDLE_IDENTIFIER = com.github.khangzxrr.RemoteBLE;
				PRODUCT_NAME = RemoteBLE;
				SWIFT_EMIT_LOC_STRINGS = YES;
				SWIFT_VERSION = 5.0;
				TARGETED_DEVICE_FAMILY = 1;
			};
			name = Release;
		};
		042CBFBC27CBC36A00D56FFB /* Debug */ = {
			isa = XCBuildConfiguration;
			baseConfigurationReference = BF712536D44C43B6D259EAC3 /* Pods-RemoteBLETests.debug.xcconfig */;
			buildSettings = {
				ALWAYS_EMBED_SWIFT_STANDARD_LIBRARIES = YES;
				BUNDLE_LOADER = "$(TEST_HOST)";
				CODE_SIGN_STYLE = Automatic;
				CURRENT_PROJECT_VERSION = 1;
				DEVELOPMENT_TEAM = UUJPJU7Y6C;
				GENERATE_INFOPLIST_FILE = YES;
				IPHONEOS_DEPLOYMENT_TARGET = 15.2;
				MARKETING_VERSION = 1.0;
				PRODUCT_BUNDLE_IDENTIFIER = com.github.khangzxrr.GoProBLETests;
				PRODUCT_NAME = "$(TARGET_NAME)";
				SWIFT_EMIT_LOC_STRINGS = NO;
				SWIFT_VERSION = 5.0;
				TARGETED_DEVICE_FAMILY = 1;
				TEST_HOST = "$(BUILT_PRODUCTS_DIR)/RemoteBLE.app/RemoteBLE";
			};
			name = Debug;
		};
		042CBFBD27CBC36A00D56FFB /* Release */ = {
			isa = XCBuildConfiguration;
			baseConfigurationReference = 709D55A538517F300C17C91D /* Pods-RemoteBLETests.release.xcconfig */;
			buildSettings = {
				ALWAYS_EMBED_SWIFT_STANDARD_LIBRARIES = YES;
				BUNDLE_LOADER = "$(TEST_HOST)";
				CODE_SIGN_STYLE = Automatic;
				CURRENT_PROJECT_VERSION = 1;
				DEVELOPMENT_TEAM = UUJPJU7Y6C;
				GENERATE_INFOPLIST_FILE = YES;
				IPHONEOS_DEPLOYMENT_TARGET = 15.2;
				MARKETING_VERSION = 1.0;
				PRODUCT_BUNDLE_IDENTIFIER = com.github.khangzxrr.GoProBLETests;
				PRODUCT_NAME = "$(TARGET_NAME)";
				SWIFT_EMIT_LOC_STRINGS = NO;
				SWIFT_VERSION = 5.0;
				TARGETED_DEVICE_FAMILY = 1;
				TEST_HOST = "$(BUILT_PRODUCTS_DIR)/RemoteBLE.app/RemoteBLE";
			};
			name = Release;
		};
		042CBFBF27CBC36A00D56FFB /* Debug */ = {
			isa = XCBuildConfiguration;
			baseConfigurationReference = 7957146172258A138411B590 /* Pods-RemoteBLE-RemoteBLEUITests.debug.xcconfig */;
			buildSettings = {
				ALWAYS_EMBED_SWIFT_STANDARD_LIBRARIES = YES;
				CODE_SIGN_STYLE = Automatic;
				CURRENT_PROJECT_VERSION = 1;
				DEVELOPMENT_TEAM = UUJPJU7Y6C;
				GENERATE_INFOPLIST_FILE = YES;
				MARKETING_VERSION = 1.0;
				PRODUCT_BUNDLE_IDENTIFIER = com.github.khangzxrr.GoProBLEUITests;
				PRODUCT_NAME = "$(TARGET_NAME)";
				SWIFT_EMIT_LOC_STRINGS = NO;
				SWIFT_VERSION = 5.0;
				TARGETED_DEVICE_FAMILY = 1;
				TEST_TARGET_NAME = GoProBLE;
			};
			name = Debug;
		};
		042CBFC027CBC36A00D56FFB /* Release */ = {
			isa = XCBuildConfiguration;
			baseConfigurationReference = B36E12F709E0021F51692F2E /* Pods-RemoteBLE-RemoteBLEUITests.release.xcconfig */;
			buildSettings = {
				ALWAYS_EMBED_SWIFT_STANDARD_LIBRARIES = YES;
				CODE_SIGN_STYLE = Automatic;
				CURRENT_PROJECT_VERSION = 1;
				DEVELOPMENT_TEAM = UUJPJU7Y6C;
				GENERATE_INFOPLIST_FILE = YES;
				MARKETING_VERSION = 1.0;
				PRODUCT_BUNDLE_IDENTIFIER = com.github.khangzxrr.GoProBLEUITests;
				PRODUCT_NAME = "$(TARGET_NAME)";
				SWIFT_EMIT_LOC_STRINGS = NO;
				SWIFT_VERSION = 5.0;
				TARGETED_DEVICE_FAMILY = 1;
				TEST_TARGET_NAME = GoProBLE;
			};
			name = Release;
		};
/* End XCBuildConfiguration section */

/* Begin XCConfigurationList section */
		042CBF8F27CBC36800D56FFB /* Build configuration list for PBXProject "RemoteBLE" */ = {
			isa = XCConfigurationList;
			buildConfigurations = (
				042CBFB627CBC36A00D56FFB /* Debug */,
				042CBFB727CBC36A00D56FFB /* Release */,
			);
			defaultConfigurationIsVisible = 0;
			defaultConfigurationName = Release;
		};
		042CBFB827CBC36A00D56FFB /* Build configuration list for PBXNativeTarget "RemoteBLE" */ = {
			isa = XCConfigurationList;
			buildConfigurations = (
				042CBFB927CBC36A00D56FFB /* Debug */,
				042CBFBA27CBC36A00D56FFB /* Release */,
			);
			defaultConfigurationIsVisible = 0;
			defaultConfigurationName = Release;
		};
		042CBFBB27CBC36A00D56FFB /* Build configuration list for PBXNativeTarget "RemoteBLETests" */ = {
			isa = XCConfigurationList;
			buildConfigurations = (
				042CBFBC27CBC36A00D56FFB /* Debug */,
				042CBFBD27CBC36A00D56FFB /* Release */,
			);
			defaultConfigurationIsVisible = 0;
			defaultConfigurationName = Release;
		};
		042CBFBE27CBC36A00D56FFB /* Build configuration list for PBXNativeTarget "RemoteBLEUITests" */ = {
			isa = XCConfigurationList;
			buildConfigurations = (
				042CBFBF27CBC36A00D56FFB /* Debug */,
				042CBFC027CBC36A00D56FFB /* Release */,
			);
			defaultConfigurationIsVisible = 0;
			defaultConfigurationName = Release;
		};
/* End XCConfigurationList section */

/* Begin XCVersionGroup section */
		047FDC742809784E0049A502 /* UserModel.xcdatamodeld */ = {
			isa = XCVersionGroup;
			children = (
				047FDC752809784E0049A502 /* UserModel.xcdatamodel */,
			);
			currentVersion = 047FDC752809784E0049A502 /* UserModel.xcdatamodel */;
			path = UserModel.xcdatamodeld;
			sourceTree = "<group>";
			versionGroupType = wrapper.xcdatamodel;
		};
/* End XCVersionGroup section */
	};
	rootObject = 042CBF8C27CBC36800D56FFB /* Project object */;
}
